// !$*UTF8*$!
{
	archiveVersion = 1;
	classes = {
	};
	objectVersion = 56;
	objects = {

/* Begin PBXBuildFile section */
		051E8D86294C245D00D4E717 /* CreateTopicViewController.swift in Sources */ = {isa = PBXBuildFile; fileRef = 051E8D85294C245D00D4E717 /* CreateTopicViewController.swift */; };
		0545AEFC29680A200012751B /* PostItemTableViewCell.swift in Sources */ = {isa = PBXBuildFile; fileRef = 0545AEFB29680A200012751B /* PostItemTableViewCell.swift */; };
		0548700D295030D400CEE4F3 /* User+CoreDataClass.swift in Sources */ = {isa = PBXBuildFile; fileRef = 0548700B295030D400CEE4F3 /* User+CoreDataClass.swift */; };
		0548700E295030D400CEE4F3 /* User+CoreDataProperties.swift in Sources */ = {isa = PBXBuildFile; fileRef = 0548700C295030D400CEE4F3 /* User+CoreDataProperties.swift */; };
		054870122950310B00CEE4F3 /* Post+CoreDataClass.swift in Sources */ = {isa = PBXBuildFile; fileRef = 054870102950310B00CEE4F3 /* Post+CoreDataClass.swift */; };
		054870132950310B00CEE4F3 /* Post+CoreDataProperties.swift in Sources */ = {isa = PBXBuildFile; fileRef = 054870112950310B00CEE4F3 /* Post+CoreDataProperties.swift */; };
		054870172950312100CEE4F3 /* Topic+CoreDataClass.swift in Sources */ = {isa = PBXBuildFile; fileRef = 054870152950312100CEE4F3 /* Topic+CoreDataClass.swift */; };
		054870182950312100CEE4F3 /* Topic+CoreDataProperties.swift in Sources */ = {isa = PBXBuildFile; fileRef = 054870162950312100CEE4F3 /* Topic+CoreDataProperties.swift */; };
		0548701C2950313C00CEE4F3 /* Comment+CoreDataClass.swift in Sources */ = {isa = PBXBuildFile; fileRef = 0548701A2950313C00CEE4F3 /* Comment+CoreDataClass.swift */; };
		0548701D2950313C00CEE4F3 /* Comment+CoreDataProperties.swift in Sources */ = {isa = PBXBuildFile; fileRef = 0548701B2950313C00CEE4F3 /* Comment+CoreDataProperties.swift */; };
		0548702029503E9400CEE4F3 /* UserRepository.swift in Sources */ = {isa = PBXBuildFile; fileRef = 0548701F29503E9400CEE4F3 /* UserRepository.swift */; };
		054870222950451E00CEE4F3 /* UIViewController+ShowAlert.swift in Sources */ = {isa = PBXBuildFile; fileRef = 054870212950451E00CEE4F3 /* UIViewController+ShowAlert.swift */; };
		055F638F294ADDAF003EE547 /* AppDelegate.swift in Sources */ = {isa = PBXBuildFile; fileRef = 055F638E294ADDAF003EE547 /* AppDelegate.swift */; };
		055F6391294ADDAF003EE547 /* SceneDelegate.swift in Sources */ = {isa = PBXBuildFile; fileRef = 055F6390294ADDAF003EE547 /* SceneDelegate.swift */; };
		055F6393294ADDAF003EE547 /* LoginViewController.swift in Sources */ = {isa = PBXBuildFile; fileRef = 055F6392294ADDAF003EE547 /* LoginViewController.swift */; };
		055F6396294ADDAF003EE547 /* Main.storyboard in Resources */ = {isa = PBXBuildFile; fileRef = 055F6394294ADDAF003EE547 /* Main.storyboard */; };
		055F6399294ADDAF003EE547 /* Teddit.xcdatamodeld in Sources */ = {isa = PBXBuildFile; fileRef = 055F6397294ADDAF003EE547 /* Teddit.xcdatamodeld */; };
		055F639B294ADDB0003EE547 /* Assets.xcassets in Resources */ = {isa = PBXBuildFile; fileRef = 055F639A294ADDB0003EE547 /* Assets.xcassets */; };
		055F639E294ADDB0003EE547 /* LaunchScreen.storyboard in Resources */ = {isa = PBXBuildFile; fileRef = 055F639C294ADDB0003EE547 /* LaunchScreen.storyboard */; };
		055F63A6294AEA06003EE547 /* RegisterViewController.swift in Sources */ = {isa = PBXBuildFile; fileRef = 055F63A5294AEA06003EE547 /* RegisterViewController.swift */; };
		055F63A8294AECE6003EE547 /* HomeViewController.swift in Sources */ = {isa = PBXBuildFile; fileRef = 055F63A7294AECE6003EE547 /* HomeViewController.swift */; };
		05A09BF12967D9C20033A658 /* Shared.swift in Sources */ = {isa = PBXBuildFile; fileRef = 05A09BF02967D9C20033A658 /* Shared.swift */; };
		05ABB21E294C1BCE00B26886 /* .gitignore in Resources */ = {isa = PBXBuildFile; fileRef = 05ABB21D294C1BCE00B26886 /* .gitignore */; };
		05AF8C0E2955947F00C8664C /* ForumViewController.swift in Sources */ = {isa = PBXBuildFile; fileRef = 05AF8C0D2955947F00C8664C /* ForumViewController.swift */; };
		05B802AF2952F9C70053533B /* TopicItemTableViewCell.swift in Sources */ = {isa = PBXBuildFile; fileRef = 05B802AE2952F9C70053533B /* TopicItemTableViewCell.swift */; };
		05B802B1295304A20053533B /* Constants.swift in Sources */ = {isa = PBXBuildFile; fileRef = 05B802B0295304A20053533B /* Constants.swift */; };
		05B802B3295306B00053533B /* TopicRepository.swift in Sources */ = {isa = PBXBuildFile; fileRef = 05B802B2295306B00053533B /* TopicRepository.swift */; };
		05C145A8294C20F00063EE45 /* BaseRepository.swift in Sources */ = {isa = PBXBuildFile; fileRef = 05C145A6294C20F00063EE45 /* BaseRepository.swift */; };
		05D7F0FA294B006900EE68EB /* UIImageView+CircularImage.swift in Sources */ = {isa = PBXBuildFile; fileRef = 05D7F0F9294B006900EE68EB /* UIImageView+CircularImage.swift */; };
		05D93443294AF6AF00C94EFA /* (null) in Sources */ = {isa = PBXBuildFile; };
		05D93445294AF81C00C94EFA /* (null) in Sources */ = {isa = PBXBuildFile; };
		05E21CF82952D3910046A7B3 /* ValidationError.swift in Sources */ = {isa = PBXBuildFile; fileRef = 05E21CF62952D1F80046A7B3 /* ValidationError.swift */; };
/* End PBXBuildFile section */

/* Begin PBXFileReference section */
		051E8D85294C245D00D4E717 /* CreateTopicViewController.swift */ = {isa = PBXFileReference; lastKnownFileType = sourcecode.swift; path = CreateTopicViewController.swift; sourceTree = "<group>"; };
		0545AEFB29680A200012751B /* PostItemTableViewCell.swift */ = {isa = PBXFileReference; lastKnownFileType = sourcecode.swift; path = PostItemTableViewCell.swift; sourceTree = "<group>"; };
		0548700B295030D400CEE4F3 /* User+CoreDataClass.swift */ = {isa = PBXFileReference; lastKnownFileType = sourcecode.swift; path = "User+CoreDataClass.swift"; sourceTree = "<group>"; };
		0548700C295030D400CEE4F3 /* User+CoreDataProperties.swift */ = {isa = PBXFileReference; lastKnownFileType = sourcecode.swift; path = "User+CoreDataProperties.swift"; sourceTree = "<group>"; };
		054870102950310B00CEE4F3 /* Post+CoreDataClass.swift */ = {isa = PBXFileReference; lastKnownFileType = sourcecode.swift; name = "Post+CoreDataClass.swift"; path = "Teddit/Post+CoreDataClass.swift"; sourceTree = SOURCE_ROOT; };
		054870112950310B00CEE4F3 /* Post+CoreDataProperties.swift */ = {isa = PBXFileReference; lastKnownFileType = sourcecode.swift; name = "Post+CoreDataProperties.swift"; path = "Teddit/Post+CoreDataProperties.swift"; sourceTree = SOURCE_ROOT; };
		054870152950312100CEE4F3 /* Topic+CoreDataClass.swift */ = {isa = PBXFileReference; lastKnownFileType = sourcecode.swift; path = "Topic+CoreDataClass.swift"; sourceTree = SOURCE_ROOT; };
		054870162950312100CEE4F3 /* Topic+CoreDataProperties.swift */ = {isa = PBXFileReference; lastKnownFileType = sourcecode.swift; path = "Topic+CoreDataProperties.swift"; sourceTree = SOURCE_ROOT; };
		0548701A2950313C00CEE4F3 /* Comment+CoreDataClass.swift */ = {isa = PBXFileReference; lastKnownFileType = sourcecode.swift; path = "Comment+CoreDataClass.swift"; sourceTree = SOURCE_ROOT; };
		0548701B2950313C00CEE4F3 /* Comment+CoreDataProperties.swift */ = {isa = PBXFileReference; lastKnownFileType = sourcecode.swift; path = "Comment+CoreDataProperties.swift"; sourceTree = SOURCE_ROOT; };
		0548701F29503E9400CEE4F3 /* UserRepository.swift */ = {isa = PBXFileReference; lastKnownFileType = sourcecode.swift; path = UserRepository.swift; sourceTree = "<group>"; };
		054870212950451E00CEE4F3 /* UIViewController+ShowAlert.swift */ = {isa = PBXFileReference; lastKnownFileType = sourcecode.swift; path = "UIViewController+ShowAlert.swift"; sourceTree = "<group>"; };
		055F638B294ADDAF003EE547 /* Teddit.app */ = {isa = PBXFileReference; explicitFileType = wrapper.application; includeInIndex = 0; path = Teddit.app; sourceTree = BUILT_PRODUCTS_DIR; };
		055F638E294ADDAF003EE547 /* AppDelegate.swift */ = {isa = PBXFileReference; lastKnownFileType = sourcecode.swift; path = AppDelegate.swift; sourceTree = "<group>"; };
		055F6390294ADDAF003EE547 /* SceneDelegate.swift */ = {isa = PBXFileReference; lastKnownFileType = sourcecode.swift; path = SceneDelegate.swift; sourceTree = "<group>"; };
		055F6392294ADDAF003EE547 /* LoginViewController.swift */ = {isa = PBXFileReference; lastKnownFileType = sourcecode.swift; path = LoginViewController.swift; sourceTree = "<group>"; };
		055F6395294ADDAF003EE547 /* Base */ = {isa = PBXFileReference; lastKnownFileType = file.storyboard; name = Base; path = Base.lproj/Main.storyboard; sourceTree = "<group>"; };
		055F6398294ADDAF003EE547 /* Teddit.xcdatamodel */ = {isa = PBXFileReference; lastKnownFileType = wrapper.xcdatamodel; path = Teddit.xcdatamodel; sourceTree = "<group>"; };
		055F639A294ADDB0003EE547 /* Assets.xcassets */ = {isa = PBXFileReference; lastKnownFileType = folder.assetcatalog; path = Assets.xcassets; sourceTree = "<group>"; };
		055F639D294ADDB0003EE547 /* Base */ = {isa = PBXFileReference; lastKnownFileType = file.storyboard; name = Base; path = Base.lproj/LaunchScreen.storyboard; sourceTree = "<group>"; };
		055F639F294ADDB0003EE547 /* Info.plist */ = {isa = PBXFileReference; lastKnownFileType = text.plist.xml; path = Info.plist; sourceTree = "<group>"; };
		055F63A5294AEA06003EE547 /* RegisterViewController.swift */ = {isa = PBXFileReference; lastKnownFileType = sourcecode.swift; path = RegisterViewController.swift; sourceTree = "<group>"; };
		055F63A7294AECE6003EE547 /* HomeViewController.swift */ = {isa = PBXFileReference; lastKnownFileType = sourcecode.swift; path = HomeViewController.swift; sourceTree = "<group>"; };
		05A09BF02967D9C20033A658 /* Shared.swift */ = {isa = PBXFileReference; lastKnownFileType = sourcecode.swift; path = Shared.swift; sourceTree = "<group>"; };
		05ABB21D294C1BCE00B26886 /* .gitignore */ = {isa = PBXFileReference; lastKnownFileType = text; path = .gitignore; sourceTree = "<group>"; };
		05AF8C0D2955947F00C8664C /* ForumViewController.swift */ = {isa = PBXFileReference; lastKnownFileType = sourcecode.swift; path = ForumViewController.swift; sourceTree = "<group>"; };
		05B802AE2952F9C70053533B /* TopicItemTableViewCell.swift */ = {isa = PBXFileReference; lastKnownFileType = sourcecode.swift; path = TopicItemTableViewCell.swift; sourceTree = "<group>"; };
		05B802B0295304A20053533B /* Constants.swift */ = {isa = PBXFileReference; lastKnownFileType = sourcecode.swift; path = Constants.swift; sourceTree = "<group>"; };
		05B802B2295306B00053533B /* TopicRepository.swift */ = {isa = PBXFileReference; lastKnownFileType = sourcecode.swift; path = TopicRepository.swift; sourceTree = "<group>"; };
		05C145A6294C20F00063EE45 /* BaseRepository.swift */ = {isa = PBXFileReference; fileEncoding = 4; lastKnownFileType = sourcecode.swift; path = BaseRepository.swift; sourceTree = "<group>"; };
		05D7F0F9294B006900EE68EB /* UIImageView+CircularImage.swift */ = {isa = PBXFileReference; lastKnownFileType = sourcecode.swift; path = "UIImageView+CircularImage.swift"; sourceTree = "<group>"; };
		05E21CF62952D1F80046A7B3 /* ValidationError.swift */ = {isa = PBXFileReference; lastKnownFileType = sourcecode.swift; path = ValidationError.swift; sourceTree = "<group>"; };
/* End PBXFileReference section */

/* Begin PBXFrameworksBuildPhase section */
		055F6388294ADDAF003EE547 /* Frameworks */ = {
			isa = PBXFrameworksBuildPhase;
			buildActionMask = 2147483647;
			files = (
			);
			runOnlyForDeploymentPostprocessing = 0;
		};
/* End PBXFrameworksBuildPhase section */

/* Begin PBXGroup section */
		054870092950309F00CEE4F3 /* Entities */ = {
			isa = PBXGroup;
			children = (
				054870192950312A00CEE4F3 /* Comment */,
				054870142950311200CEE4F3 /* Topic */,
				0548700F295030F000CEE4F3 /* Post */,
				0548700A295030AC00CEE4F3 /* User */,
			);
			path = Entities;
			sourceTree = "<group>";
		};
		0548700A295030AC00CEE4F3 /* User */ = {
			isa = PBXGroup;
			children = (
				0548700B295030D400CEE4F3 /* User+CoreDataClass.swift */,
				0548700C295030D400CEE4F3 /* User+CoreDataProperties.swift */,
			);
			path = User;
			sourceTree = "<group>";
		};
		0548700F295030F000CEE4F3 /* Post */ = {
			isa = PBXGroup;
			children = (
				054870102950310B00CEE4F3 /* Post+CoreDataClass.swift */,
				054870112950310B00CEE4F3 /* Post+CoreDataProperties.swift */,
			);
			path = Post;
			sourceTree = "<group>";
		};
		054870142950311200CEE4F3 /* Topic */ = {
			isa = PBXGroup;
			children = (
				054870152950312100CEE4F3 /* Topic+CoreDataClass.swift */,
				054870162950312100CEE4F3 /* Topic+CoreDataProperties.swift */,
			);
			path = Topic;
			sourceTree = "<group>";
		};
		054870192950312A00CEE4F3 /* Comment */ = {
			isa = PBXGroup;
			children = (
				0548701A2950313C00CEE4F3 /* Comment+CoreDataClass.swift */,
				0548701B2950313C00CEE4F3 /* Comment+CoreDataProperties.swift */,
			);
			path = Comment;
			sourceTree = "<group>";
		};
		0548701E29503E6E00CEE4F3 /* Repositories */ = {
			isa = PBXGroup;
			children = (
				0548701F29503E9400CEE4F3 /* UserRepository.swift */,
				05B802B2295306B00053533B /* TopicRepository.swift */,
			);
			path = Repositories;
			sourceTree = "<group>";
		};
		055F6382294ADDAF003EE547 = {
			isa = PBXGroup;
			children = (
				05ABB21D294C1BCE00B26886 /* .gitignore */,
				055F638D294ADDAF003EE547 /* Teddit */,
				055F638C294ADDAF003EE547 /* Products */,
			);
			sourceTree = "<group>";
		};
		055F638C294ADDAF003EE547 /* Products */ = {
			isa = PBXGroup;
			children = (
				055F638B294ADDAF003EE547 /* Teddit.app */,
			);
			name = Products;
			sourceTree = "<group>";
		};
		055F638D294ADDAF003EE547 /* Teddit */ = {
			isa = PBXGroup;
			children = (
				0548701E29503E6E00CEE4F3 /* Repositories */,
				05D7F0F8294B002200EE68EB /* Extensions */,
				054870092950309F00CEE4F3 /* Entities */,
				05C145A6294C20F00063EE45 /* BaseRepository.swift */,
				055F638E294ADDAF003EE547 /* AppDelegate.swift */,
				055F6390294ADDAF003EE547 /* SceneDelegate.swift */,
				055F6392294ADDAF003EE547 /* LoginViewController.swift */,
				055F6394294ADDAF003EE547 /* Main.storyboard */,
				0545AEFB29680A200012751B /* PostItemTableViewCell.swift */,
				05B802AE2952F9C70053533B /* TopicItemTableViewCell.swift */,
				051E8D85294C245D00D4E717 /* CreateTopicViewController.swift */,
				05AF8C0D2955947F00C8664C /* ForumViewController.swift */,
				055F63A7294AECE6003EE547 /* HomeViewController.swift */,
				055F63A5294AEA06003EE547 /* RegisterViewController.swift */,
				055F639A294ADDB0003EE547 /* Assets.xcassets */,
				055F639C294ADDB0003EE547 /* LaunchScreen.storyboard */,
				055F639F294ADDB0003EE547 /* Info.plist */,
				055F6397294ADDAF003EE547 /* Teddit.xcdatamodeld */,
				05E21CF62952D1F80046A7B3 /* ValidationError.swift */,
				05B802B0295304A20053533B /* Constants.swift */,
				05A09BF02967D9C20033A658 /* Shared.swift */,
			);
			path = Teddit;
			sourceTree = "<group>";
		};
		05D7F0F8294B002200EE68EB /* Extensions */ = {
			isa = PBXGroup;
			children = (
				05D7F0F9294B006900EE68EB /* UIImageView+CircularImage.swift */,
				054870212950451E00CEE4F3 /* UIViewController+ShowAlert.swift */,
			);
			path = Extensions;
			sourceTree = "<group>";
		};
/* End PBXGroup section */

/* Begin PBXNativeTarget section */
		055F638A294ADDAF003EE547 /* Teddit */ = {
			isa = PBXNativeTarget;
			buildConfigurationList = 055F63A2294ADDB0003EE547 /* Build configuration list for PBXNativeTarget "Teddit" */;
			buildPhases = (
				055F6387294ADDAF003EE547 /* Sources */,
				055F6388294ADDAF003EE547 /* Frameworks */,
				055F6389294ADDAF003EE547 /* Resources */,
			);
			buildRules = (
			);
			dependencies = (
			);
			name = Teddit;
			productName = Teddit;
			productReference = 055F638B294ADDAF003EE547 /* Teddit.app */;
			productType = "com.apple.product-type.application";
		};
/* End PBXNativeTarget section */

/* Begin PBXProject section */
		055F6383294ADDAF003EE547 /* Project object */ = {
			isa = PBXProject;
			attributes = {
				BuildIndependentTargetsInParallel = 1;
				LastSwiftUpdateCheck = 1410;
				LastUpgradeCheck = 1410;
				TargetAttributes = {
					055F638A294ADDAF003EE547 = {
						CreatedOnToolsVersion = 14.1;
					};
				};
			};
			buildConfigurationList = 055F6386294ADDAF003EE547 /* Build configuration list for PBXProject "Teddit" */;
			compatibilityVersion = "Xcode 14.0";
			developmentRegion = en;
			hasScannedForEncodings = 0;
			knownRegions = (
				en,
				Base,
			);
			mainGroup = 055F6382294ADDAF003EE547;
			productRefGroup = 055F638C294ADDAF003EE547 /* Products */;
			projectDirPath = "";
			projectRoot = "";
			targets = (
				055F638A294ADDAF003EE547 /* Teddit */,
			);
		};
/* End PBXProject section */

/* Begin PBXResourcesBuildPhase section */
		055F6389294ADDAF003EE547 /* Resources */ = {
			isa = PBXResourcesBuildPhase;
			buildActionMask = 2147483647;
			files = (
				05ABB21E294C1BCE00B26886 /* .gitignore in Resources */,
				055F639E294ADDB0003EE547 /* LaunchScreen.storyboard in Resources */,
				055F639B294ADDB0003EE547 /* Assets.xcassets in Resources */,
				055F6396294ADDAF003EE547 /* Main.storyboard in Resources */,
			);
			runOnlyForDeploymentPostprocessing = 0;
		};
/* End PBXResourcesBuildPhase section */

/* Begin PBXSourcesBuildPhase section */
		055F6387294ADDAF003EE547 /* Sources */ = {
			isa = PBXSourcesBuildPhase;
			buildActionMask = 2147483647;
			files = (
				0548702029503E9400CEE4F3 /* UserRepository.swift in Sources */,
				055F6393294ADDAF003EE547 /* LoginViewController.swift in Sources */,
				05AF8C0E2955947F00C8664C /* ForumViewController.swift in Sources */,
				0548700E295030D400CEE4F3 /* User+CoreDataProperties.swift in Sources */,
				055F63A6294AEA06003EE547 /* RegisterViewController.swift in Sources */,
				05E21CF82952D3910046A7B3 /* ValidationError.swift in Sources */,
				055F6399294ADDAF003EE547 /* Teddit.xcdatamodeld in Sources */,
				055F638F294ADDAF003EE547 /* AppDelegate.swift in Sources */,
				054870122950310B00CEE4F3 /* Post+CoreDataClass.swift in Sources */,
				05C145A8294C20F00063EE45 /* BaseRepository.swift in Sources */,
				054870172950312100CEE4F3 /* Topic+CoreDataClass.swift in Sources */,
				05D93445294AF81C00C94EFA /* (null) in Sources */,
				055F6391294ADDAF003EE547 /* SceneDelegate.swift in Sources */,
				0548701C2950313C00CEE4F3 /* Comment+CoreDataClass.swift in Sources */,
				054870132950310B00CEE4F3 /* Post+CoreDataProperties.swift in Sources */,
				05D7F0FA294B006900EE68EB /* UIImageView+CircularImage.swift in Sources */,
				054870222950451E00CEE4F3 /* UIViewController+ShowAlert.swift in Sources */,
				05A09BF12967D9C20033A658 /* Shared.swift in Sources */,
				05B802AF2952F9C70053533B /* TopicItemTableViewCell.swift in Sources */,
				05D93443294AF6AF00C94EFA /* (null) in Sources */,
				0548701D2950313C00CEE4F3 /* Comment+CoreDataProperties.swift in Sources */,
				05B802B3295306B00053533B /* TopicRepository.swift in Sources */,
				0545AEFC29680A200012751B /* PostItemTableViewCell.swift in Sources */,
				051E8D86294C245D00D4E717 /* CreateTopicViewController.swift in Sources */,
				055F63A8294AECE6003EE547 /* HomeViewController.swift in Sources */,
				0548700D295030D400CEE4F3 /* User+CoreDataClass.swift in Sources */,
				054870182950312100CEE4F3 /* Topic+CoreDataProperties.swift in Sources */,
				05B802B1295304A20053533B /* Constants.swift in Sources */,
			);
			runOnlyForDeploymentPostprocessing = 0;
		};
/* End PBXSourcesBuildPhase section */

/* Begin PBXVariantGroup section */
		055F6394294ADDAF003EE547 /* Main.storyboard */ = {
			isa = PBXVariantGroup;
			children = (
				055F6395294ADDAF003EE547 /* Base */,
			);
			name = Main.storyboard;
			sourceTree = "<group>";
		};
		055F639C294ADDB0003EE547 /* LaunchScreen.storyboard */ = {
			isa = PBXVariantGroup;
			children = (
				055F639D294ADDB0003EE547 /* Base */,
			);
			name = LaunchScreen.storyboard;
			sourceTree = "<group>";
		};
/* End PBXVariantGroup section */

/* Begin XCBuildConfiguration section */
		055F63A0294ADDB0003EE547 /* Debug */ = {
			isa = XCBuildConfiguration;
			buildSettings = {
				ALWAYS_SEARCH_USER_PATHS = NO;
				CLANG_ANALYZER_NONNULL = YES;
				CLANG_ANALYZER_NUMBER_OBJECT_CONVERSION = YES_AGGRESSIVE;
				CLANG_CXX_LANGUAGE_STANDARD = "gnu++20";
				CLANG_ENABLE_MODULES = YES;
				CLANG_ENABLE_OBJC_ARC = YES;
				CLANG_ENABLE_OBJC_WEAK = YES;
				CLANG_WARN_BLOCK_CAPTURE_AUTORELEASING = YES;
				CLANG_WARN_BOOL_CONVERSION = YES;
				CLANG_WARN_COMMA = YES;
				CLANG_WARN_CONSTANT_CONVERSION = YES;
				CLANG_WARN_DEPRECATED_OBJC_IMPLEMENTATIONS = YES;
				CLANG_WARN_DIRECT_OBJC_ISA_USAGE = YES_ERROR;
				CLANG_WARN_DOCUMENTATION_COMMENTS = YES;
				CLANG_WARN_EMPTY_BODY = YES;
				CLANG_WARN_ENUM_CONVERSION = YES;
				CLANG_WARN_INFINITE_RECURSION = YES;
				CLANG_WARN_INT_CONVERSION = YES;
				CLANG_WARN_NON_LITERAL_NULL_CONVERSION = YES;
				CLANG_WARN_OBJC_IMPLICIT_RETAIN_SELF = YES;
				CLANG_WARN_OBJC_LITERAL_CONVERSION = YES;
				CLANG_WARN_OBJC_ROOT_CLASS = YES_ERROR;
				CLANG_WARN_QUOTED_INCLUDE_IN_FRAMEWORK_HEADER = YES;
				CLANG_WARN_RANGE_LOOP_ANALYSIS = YES;
				CLANG_WARN_STRICT_PROTOTYPES = YES;
				CLANG_WARN_SUSPICIOUS_MOVE = YES;
				CLANG_WARN_UNGUARDED_AVAILABILITY = YES_AGGRESSIVE;
				CLANG_WARN_UNREACHABLE_CODE = YES;
				CLANG_WARN__DUPLICATE_METHOD_MATCH = YES;
				COPY_PHASE_STRIP = NO;
				DEBUG_INFORMATION_FORMAT = dwarf;
				ENABLE_STRICT_OBJC_MSGSEND = YES;
				ENABLE_TESTABILITY = YES;
				GCC_C_LANGUAGE_STANDARD = gnu11;
				GCC_DYNAMIC_NO_PIC = NO;
				GCC_NO_COMMON_BLOCKS = YES;
				GCC_OPTIMIZATION_LEVEL = 0;
				GCC_PREPROCESSOR_DEFINITIONS = (
					"DEBUG=1",
					"$(inherited)",
				);
				GCC_WARN_64_TO_32_BIT_CONVERSION = YES;
				GCC_WARN_ABOUT_RETURN_TYPE = YES_ERROR;
				GCC_WARN_UNDECLARED_SELECTOR = YES;
				GCC_WARN_UNINITIALIZED_AUTOS = YES_AGGRESSIVE;
				GCC_WARN_UNUSED_FUNCTION = YES;
				GCC_WARN_UNUSED_VARIABLE = YES;
				IPHONEOS_DEPLOYMENT_TARGET = 16.1;
				MTL_ENABLE_DEBUG_INFO = INCLUDE_SOURCE;
				MTL_FAST_MATH = YES;
				ONLY_ACTIVE_ARCH = YES;
				SDKROOT = iphoneos;
				SWIFT_ACTIVE_COMPILATION_CONDITIONS = DEBUG;
				SWIFT_OPTIMIZATION_LEVEL = "-Onone";
			};
			name = Debug;
		};
		055F63A1294ADDB0003EE547 /* Release */ = {
			isa = XCBuildConfiguration;
			buildSettings = {
				ALWAYS_SEARCH_USER_PATHS = NO;
				CLANG_ANALYZER_NONNULL = YES;
				CLANG_ANALYZER_NUMBER_OBJECT_CONVERSION = YES_AGGRESSIVE;
				CLANG_CXX_LANGUAGE_STANDARD = "gnu++20";
				CLANG_ENABLE_MODULES = YES;
				CLANG_ENABLE_OBJC_ARC = YES;
				CLANG_ENABLE_OBJC_WEAK = YES;
				CLANG_WARN_BLOCK_CAPTURE_AUTORELEASING = YES;
				CLANG_WARN_BOOL_CONVERSION = YES;
				CLANG_WARN_COMMA = YES;
				CLANG_WARN_CONSTANT_CONVERSION = YES;
				CLANG_WARN_DEPRECATED_OBJC_IMPLEMENTATIONS = YES;
				CLANG_WARN_DIRECT_OBJC_ISA_USAGE = YES_ERROR;
				CLANG_WARN_DOCUMENTATION_COMMENTS = YES;
				CLANG_WARN_EMPTY_BODY = YES;
				CLANG_WARN_ENUM_CONVERSION = YES;
				CLANG_WARN_INFINITE_RECURSION = YES;
				CLANG_WARN_INT_CONVERSION = YES;
				CLANG_WARN_NON_LITERAL_NULL_CONVERSION = YES;
				CLANG_WARN_OBJC_IMPLICIT_RETAIN_SELF = YES;
				CLANG_WARN_OBJC_LITERAL_CONVERSION = YES;
				CLANG_WARN_OBJC_ROOT_CLASS = YES_ERROR;
				CLANG_WARN_QUOTED_INCLUDE_IN_FRAMEWORK_HEADER = YES;
				CLANG_WARN_RANGE_LOOP_ANALYSIS = YES;
				CLANG_WARN_STRICT_PROTOTYPES = YES;
				CLANG_WARN_SUSPICIOUS_MOVE = YES;
				CLANG_WARN_UNGUARDED_AVAILABILITY = YES_AGGRESSIVE;
				CLANG_WARN_UNREACHABLE_CODE = YES;
				CLANG_WARN__DUPLICATE_METHOD_MATCH = YES;
				COPY_PHASE_STRIP = NO;
				DEBUG_INFORMATION_FORMAT = "dwarf-with-dsym";
				ENABLE_NS_ASSERTIONS = NO;
				ENABLE_STRICT_OBJC_MSGSEND = YES;
				GCC_C_LANGUAGE_STANDARD = gnu11;
				GCC_NO_COMMON_BLOCKS = YES;
				GCC_WARN_64_TO_32_BIT_CONVERSION = YES;
				GCC_WARN_ABOUT_RETURN_TYPE = YES_ERROR;
				GCC_WARN_UNDECLARED_SELECTOR = YES;
				GCC_WARN_UNINITIALIZED_AUTOS = YES_AGGRESSIVE;
				GCC_WARN_UNUSED_FUNCTION = YES;
				GCC_WARN_UNUSED_VARIABLE = YES;
				IPHONEOS_DEPLOYMENT_TARGET = 16.1;
				MTL_ENABLE_DEBUG_INFO = NO;
				MTL_FAST_MATH = YES;
				SDKROOT = iphoneos;
				SWIFT_COMPILATION_MODE = wholemodule;
				SWIFT_OPTIMIZATION_LEVEL = "-O";
				VALIDATE_PRODUCT = YES;
			};
			name = Release;
		};
		055F63A3294ADDB0003EE547 /* Debug */ = {
			isa = XCBuildConfiguration;
			buildSettings = {
				ASSETCATALOG_COMPILER_APPICON_NAME = AppIcon;
				ASSETCATALOG_COMPILER_GLOBAL_ACCENT_COLOR_NAME = AccentColor;
				CODE_SIGN_STYLE = Automatic;
				CURRENT_PROJECT_VERSION = 1;
				GENERATE_INFOPLIST_FILE = YES;
				INFOPLIST_FILE = Teddit/Info.plist;
				INFOPLIST_KEY_UIApplicationSupportsIndirectInputEvents = YES;
				INFOPLIST_KEY_UILaunchStoryboardName = LaunchScreen;
				INFOPLIST_KEY_UIMainStoryboardFile = Main;
				INFOPLIST_KEY_UISupportedInterfaceOrientations_iPad = "UIInterfaceOrientationPortrait UIInterfaceOrientationPortraitUpsideDown UIInterfaceOrientationLandscapeLeft UIInterfaceOrientationLandscapeRight";
				INFOPLIST_KEY_UISupportedInterfaceOrientations_iPhone = "UIInterfaceOrientationPortrait UIInterfaceOrientationLandscapeLeft UIInterfaceOrientationLandscapeRight";
				LD_RUNPATH_SEARCH_PATHS = (
					"$(inherited)",
					"@executable_path/Frameworks",
				);
				MARKETING_VERSION = 1.0;
				PRODUCT_BUNDLE_IDENTIFIER = dev.juviga.Teddit;
				PRODUCT_NAME = "$(TARGET_NAME)";
				SWIFT_EMIT_LOC_STRINGS = YES;
				SWIFT_VERSION = 5.0;
				TARGETED_DEVICE_FAMILY = "1,2";
			};
			name = Debug;
		};
		055F63A4294ADDB0003EE547 /* Release */ = {
			isa = XCBuildConfiguration;
			buildSettings = {
				ASSETCATALOG_COMPILER_APPICON_NAME = AppIcon;
				ASSETCATALOG_COMPILER_GLOBAL_ACCENT_COLOR_NAME = AccentColor;
				CODE_SIGN_STYLE = Automatic;
				CURRENT_PROJECT_VERSION = 1;
				GENERATE_INFOPLIST_FILE = YES;
				INFOPLIST_FILE = Teddit/Info.plist;
				INFOPLIST_KEY_UIApplicationSupportsIndirectInputEvents = YES;
				INFOPLIST_KEY_UILaunchStoryboardName = LaunchScreen;
				INFOPLIST_KEY_UIMainStoryboardFile = Main;
				INFOPLIST_KEY_UISupportedInterfaceOrientations_iPad = "UIInterfaceOrientationPortrait UIInterfaceOrientationPortraitUpsideDown UIInterfaceOrientationLandscapeLeft UIInterfaceOrientationLandscapeRight";
				INFOPLIST_KEY_UISupportedInterfaceOrientations_iPhone = "UIInterfaceOrientationPortrait UIInterfaceOrientationLandscapeLeft UIInterfaceOrientationLandscapeRight";
				LD_RUNPATH_SEARCH_PATHS = (
					"$(inherited)",
					"@executable_path/Frameworks",
				);
				MARKETING_VERSION = 1.0;
				PRODUCT_BUNDLE_IDENTIFIER = dev.juviga.Teddit;
				PRODUCT_NAME = "$(TARGET_NAME)";
				SWIFT_EMIT_LOC_STRINGS = YES;
				SWIFT_VERSION = 5.0;
				TARGETED_DEVICE_FAMILY = "1,2";
			};
			name = Release;
		};
/* End XCBuildConfiguration section */

/* Begin XCConfigurationList section */
		055F6386294ADDAF003EE547 /* Build configuration list for PBXProject "Teddit" */ = {
			isa = XCConfigurationList;
			buildConfigurations = (
				055F63A0294ADDB0003EE547 /* Debug */,
				055F63A1294ADDB0003EE547 /* Release */,
			);
			defaultConfigurationIsVisible = 0;
			defaultConfigurationName = Release;
		};
		055F63A2294ADDB0003EE547 /* Build configuration list for PBXNativeTarget "Teddit" */ = {
			isa = XCConfigurationList;
			buildConfigurations = (
				055F63A3294ADDB0003EE547 /* Debug */,
				055F63A4294ADDB0003EE547 /* Release */,
			);
			defaultConfigurationIsVisible = 0;
			defaultConfigurationName = Release;
		};
/* End XCConfigurationList section */

/* Begin XCVersionGroup section */
		055F6397294ADDAF003EE547 /* Teddit.xcdatamodeld */ = {
			isa = XCVersionGroup;
			children = (
				055F6398294ADDAF003EE547 /* Teddit.xcdatamodel */,
			);
			currentVersion = 055F6398294ADDAF003EE547 /* Teddit.xcdatamodel */;
			path = Teddit.xcdatamodeld;
			sourceTree = "<group>";
			versionGroupType = wrapper.xcdatamodel;
		};
/* End XCVersionGroup section */
	};
	rootObject = 055F6383294ADDAF003EE547 /* Project object */;
}
